
Microsoft Visual Studio Solution File, Format Version 12.00
# Visual Studio Version 17
VisualStudioVersion = 17.11.35327.3
MinimumVisualStudioVersion = 10.0.40219.1
Project("{FAE04EC0-301F-11D3-BF4B-00C04F79EFBC}") = "misis_lab4.1", "misis_lab4\misis_lab4.1.csproj", "{36316A1B-B844-4E7D-A3AD-6324BD7C393E}"
EndProject
Global
	GlobalSection(SolutionConfigurationPlatforms) = preSolution
		Debug|Any CPU = Debug|Any CPU
		Release|Any CPU = Release|Any CPU
	EndGlobalSection
	GlobalSection(ProjectConfigurationPlatforms) = postSolution
		{36316A1B-B844-4E7D-A3AD-6324BD7C393E}.Debug|Any CPU.ActiveCfg = Debug|Any CPU
		{36316A1B-B844-4E7D-A3AD-6324BD7C393E}.Debug|Any CPU.Build.0 = Debug|Any CPU
		{36316A1B-B844-4E7D-A3AD-6324BD7C393E}.Release|Any CPU.ActiveCfg = Release|Any CPU
		{36316A1B-B844-4E7D-A3AD-6324BD7C393E}.Release|Any CPU.Build.0 = Release|Any CPU
	EndGlobalSection
	GlobalSection(SolutionProperties) = preSolution
		HideSolutionNode = FALSE
	EndGlobalSection
	GlobalSection(ExtensibilityGlobals) = postSolution
		SolutionGuid = {950C7642-F87B-4683-835A-0A4DC2E2F304}
	EndGlobalSection
EndGlobal
